
Microsoft Visual Studio Solution File, Format Version 12.00
# Visual Studio 15
VisualStudioVersion = 15.0.27130.2027
MinimumVisualStudioVersion = 10.0.40219.1
Project("{FAE04EC0-301F-11D3-BF4B-00C04F79EFBC}") = "1.LingLong.Bll", "LingLong.Bll\1.LingLong.Bll.csproj", "{738E2FB0-A4E1-4E67-BD34-86AA4A74E240}"
EndProject
Project("{FAE04EC0-301F-11D3-BF4B-00C04F79EFBC}") = "0.LingLong.Common", "LingLong.Common\0.LingLong.Common.csproj", "{B8220318-65A9-40E8-BF64-9FB05B91062A}"
EndProject
Project("{FAE04EC0-301F-11D3-BF4B-00C04F79EFBC}") = "3.LingLong.Dal", "LingLong.Dal\3.LingLong.Dal.csproj", "{6E5CFF37-F7E1-472F-9046-824B0D2A2D16}"
EndProject
Project("{FAE04EC0-301F-11D3-BF4B-00C04F79EFBC}") = "2.LingLong.Model", "LingLong.Model\2.LingLong.Model.csproj", "{852BB7A9-1502-40B0-8D17-664901A69D78}"
EndProject
Project("{FAE04EC0-301F-11D3-BF4B-00C04F79EFBC}") = "4.LingLong.WebApi", "LingLong.WebApi\4.LingLong.WebApi.csproj", "{C6240A48-122E-45DF-A903-A2AEF03EBB61}"
EndProject
Global
	GlobalSection(SolutionConfigurationPlatforms) = preSolution
		Debug|Any CPU = Debug|Any CPU
		Release|Any CPU = Release|Any CPU
	EndGlobalSection
	GlobalSection(ProjectConfigurationPlatforms) = postSolution
		{738E2FB0-A4E1-4E67-BD34-86AA4A74E240}.Debug|Any CPU.ActiveCfg = Debug|Any CPU
		{738E2FB0-A4E1-4E67-BD34-86AA4A74E240}.Debug|Any CPU.Build.0 = Debug|Any CPU
		{738E2FB0-A4E1-4E67-BD34-86AA4A74E240}.Release|Any CPU.ActiveCfg = Release|Any CPU
		{738E2FB0-A4E1-4E67-BD34-86AA4A74E240}.Release|Any CPU.Build.0 = Release|Any CPU
		{B8220318-65A9-40E8-BF64-9FB05B91062A}.Debug|Any CPU.ActiveCfg = Debug|Any CPU
		{B8220318-65A9-40E8-BF64-9FB05B91062A}.Debug|Any CPU.Build.0 = Debug|Any CPU
		{B8220318-65A9-40E8-BF64-9FB05B91062A}.Release|Any CPU.ActiveCfg = Release|Any CPU
		{B8220318-65A9-40E8-BF64-9FB05B91062A}.Release|Any CPU.Build.0 = Release|Any CPU
		{6E5CFF37-F7E1-472F-9046-824B0D2A2D16}.Debug|Any CPU.ActiveCfg = Debug|Any CPU
		{6E5CFF37-F7E1-472F-9046-824B0D2A2D16}.Debug|Any CPU.Build.0 = Debug|Any CPU
		{6E5CFF37-F7E1-472F-9046-824B0D2A2D16}.Release|Any CPU.ActiveCfg = Release|Any CPU
		{6E5CFF37-F7E1-472F-9046-824B0D2A2D16}.Release|Any CPU.Build.0 = Release|Any CPU
		{852BB7A9-1502-40B0-8D17-664901A69D78}.Debug|Any CPU.ActiveCfg = Debug|Any CPU
		{852BB7A9-1502-40B0-8D17-664901A69D78}.Debug|Any CPU.Build.0 = Debug|Any CPU
		{852BB7A9-1502-40B0-8D17-664901A69D78}.Release|Any CPU.ActiveCfg = Release|Any CPU
		{852BB7A9-1502-40B0-8D17-664901A69D78}.Release|Any CPU.Build.0 = Release|Any CPU
		{C6240A48-122E-45DF-A903-A2AEF03EBB61}.Debug|Any CPU.ActiveCfg = Debug|Any CPU
		{C6240A48-122E-45DF-A903-A2AEF03EBB61}.Debug|Any CPU.Build.0 = Debug|Any CPU
		{C6240A48-122E-45DF-A903-A2AEF03EBB61}.Release|Any CPU.ActiveCfg = Release|Any CPU
		{C6240A48-122E-45DF-A903-A2AEF03EBB61}.Release|Any CPU.Build.0 = Release|Any CPU
	EndGlobalSection
	GlobalSection(SolutionProperties) = preSolution
		HideSolutionNode = FALSE
	EndGlobalSection
	GlobalSection(ExtensibilityGlobals) = postSolution
		SolutionGuid = {A3BEAE49-F42C-4015-9C8D-5EFA9FC4B016}
	EndGlobalSection
EndGlobal
